Microsoft Visual Studio Solution File, Format Version 12.00
# Visual Studio 2012
Project("{FAE04EC0-301F-11D3-BF4B-00C04F79EFBC}") = "2D Godot Rogue Like", "2D Godot Rogue Like.csproj", "{6409DC7C-D72F-4D7E-9188-5AB16F3752B0}"
EndProject
Global
	GlobalSection(SolutionConfigurationPlatforms) = preSolution
	Debug|Any CPU = Debug|Any CPU
	ExportDebug|Any CPU = ExportDebug|Any CPU
	ExportRelease|Any CPU = ExportRelease|Any CPU
	EndGlobalSection
	GlobalSection(ProjectConfigurationPlatforms) = postSolution
		{6409DC7C-D72F-4D7E-9188-5AB16F3752B0}.Debug|Any CPU.ActiveCfg = Debug|Any CPU
		{6409DC7C-D72F-4D7E-9188-5AB16F3752B0}.Debug|Any CPU.Build.0 = Debug|Any CPU
		{6409DC7C-D72F-4D7E-9188-5AB16F3752B0}.ExportDebug|Any CPU.ActiveCfg = ExportDebug|Any CPU
		{6409DC7C-D72F-4D7E-9188-5AB16F3752B0}.ExportDebug|Any CPU.Build.0 = ExportDebug|Any CPU
		{6409DC7C-D72F-4D7E-9188-5AB16F3752B0}.ExportRelease|Any CPU.ActiveCfg = ExportRelease|Any CPU
		{6409DC7C-D72F-4D7E-9188-5AB16F3752B0}.ExportRelease|Any CPU.Build.0 = ExportRelease|Any CPU
	EndGlobalSection
EndGlobal
